
Microsoft Visual Studio Solution File, Format Version 12.00
# Visual Studio Version 17
VisualStudioVersion = 17.0.32014.148
MinimumVisualStudioVersion = 10.0.40219.1
Project("{FAE04EC0-301F-11D3-BF4B-00C04F79EFBC}") = "AbstractFactory", "AbstractFactory.csproj", "{3966D41F-23FC-4EE0-B398-AE65541A8D0E}"
EndProject
Project("{FAE04EC0-301F-11D3-BF4B-00C04F79EFBC}") = "Builder", "..\Builder\Builder.csproj", "{EBB39044-BC4F-49EC-9B4D-2D916AF27B92}"
EndProject
Global
	GlobalSection(SolutionConfigurationPlatforms) = preSolution
		Debug|Any CPU = Debug|Any CPU
		Release|Any CPU = Release|Any CPU
	EndGlobalSection
	GlobalSection(ProjectConfigurationPlatforms) = postSolution
		{3966D41F-23FC-4EE0-B398-AE65541A8D0E}.Debug|Any CPU.ActiveCfg = Debug|Any CPU
		{3966D41F-23FC-4EE0-B398-AE65541A8D0E}.Debug|Any CPU.Build.0 = Debug|Any CPU
		{3966D41F-23FC-4EE0-B398-AE65541A8D0E}.Release|Any CPU.ActiveCfg = Release|Any CPU
		{3966D41F-23FC-4EE0-B398-AE65541A8D0E}.Release|Any CPU.Build.0 = Release|Any CPU
		{EBB39044-BC4F-49EC-9B4D-2D916AF27B92}.Debug|Any CPU.ActiveCfg = Debug|Any CPU
		{EBB39044-BC4F-49EC-9B4D-2D916AF27B92}.Debug|Any CPU.Build.0 = Debug|Any CPU
		{EBB39044-BC4F-49EC-9B4D-2D916AF27B92}.Release|Any CPU.ActiveCfg = Release|Any CPU
		{EBB39044-BC4F-49EC-9B4D-2D916AF27B92}.Release|Any CPU.Build.0 = Release|Any CPU
	EndGlobalSection
	GlobalSection(SolutionProperties) = preSolution
		HideSolutionNode = FALSE
	EndGlobalSection
	GlobalSection(ExtensibilityGlobals) = postSolution
		SolutionGuid = {25FF6899-D0D1-4BBF-BF92-6CDD7239D3EB}
	EndGlobalSection
EndGlobal
