
Microsoft Visual Studio Solution File, Format Version 12.00
# Visual Studio Version 17
VisualStudioVersion = 17.0.32014.148
MinimumVisualStudioVersion = 10.0.40219.1
Project("{9A19103F-16F7-4668-BE54-9A1E7A4F7556}") = "AbstractFactory", "AbstractFactory.csproj", "{3966D41F-23FC-4EE0-B398-AE65541A8D0E}"
EndProject
Project("{9A19103F-16F7-4668-BE54-9A1E7A4F7556}") = "Builder", "..\Builder\Builder.csproj", "{EBB39044-BC4F-49EC-9B4D-2D916AF27B92}"
EndProject
Project("{9A19103F-16F7-4668-BE54-9A1E7A4F7556}") = "FactoryMethod", "..\FactoryMethod\FactoryMethod.csproj", "{A978C5F6-FCF0-4578-B13C-DBFD425F5A70}"
EndProject
Project("{9A19103F-16F7-4668-BE54-9A1E7A4F7556}") = "Prototype", "..\Prototype\Prototype.csproj", "{4694E16C-CD54-4C51-9A88-330F9709708C}"
EndProject
Project("{9A19103F-16F7-4668-BE54-9A1E7A4F7556}") = "Singleton", "..\Singleton\Singleton.csproj", "{78A0D81D-5DED-4568-BE95-5BA37D68EB41}"
EndProject
Project("{9A19103F-16F7-4668-BE54-9A1E7A4F7556}") = "Adapter", "..\Adapter\Adapter.csproj", "{8D2F3235-5784-4BD4-A2D5-8968DCBC478F}"
EndProject
Project("{9A19103F-16F7-4668-BE54-9A1E7A4F7556}") = "Bridge", "..\Bridge\Bridge.csproj", "{AF63C281-35A2-41F9-9023-830D0AC03403}"
EndProject
Project("{9A19103F-16F7-4668-BE54-9A1E7A4F7556}") = "Composite", "..\Composite\Composite.csproj", "{7AEAA8A9-0DD7-414A-B7B0-F40CFEDB9FA5}"
EndProject
Project("{9A19103F-16F7-4668-BE54-9A1E7A4F7556}") = "Decorator", "..\Decorator\Decorator.csproj", "{8F140074-2E3B-4124-8109-192A16B26CD1}"
EndProject
Project("{9A19103F-16F7-4668-BE54-9A1E7A4F7556}") = "Facade", "..\Facade\Facade.csproj", "{A1CB3BA9-CB7B-4F11-9413-462230573D64}"
EndProject
Project("{9A19103F-16F7-4668-BE54-9A1E7A4F7556}") = "Flyweight", "..\Flyweight\Flyweight.csproj", "{5D86A119-48BB-47E2-9B7D-B2D617D298F8}"
EndProject
Project("{9A19103F-16F7-4668-BE54-9A1E7A4F7556}") = "Proxy", "..\Proxy\Proxy.csproj", "{4D5BC965-F14D-44FA-9D0A-6133B5E9E97A}"
EndProject
Project("{9A19103F-16F7-4668-BE54-9A1E7A4F7556}") = "ChainOfResp", "..\ChainOfResp\ChainOfResp.csproj", "{7E6FEF24-3E4B-46C3-A8E6-263848493418}"
EndProject
Project("{9A19103F-16F7-4668-BE54-9A1E7A4F7556}") = "Command", "..\Command\Command.csproj", "{183A0CAD-481D-483C-A50E-D6A9D4060475}"
EndProject
Project("{9A19103F-16F7-4668-BE54-9A1E7A4F7556}") = "Interpreter", "..\Interpreter\Interpreter.csproj", "{2FCAF4E5-0AE9-4E23-BBDA-CC5BD2A6F632}"
EndProject
Project("{9A19103F-16F7-4668-BE54-9A1E7A4F7556}") = "Iterator", "..\Iterator\Iterator.csproj", "{8185FE1D-AD6D-4371-8649-E885DC2743FB}"
EndProject
Project("{9A19103F-16F7-4668-BE54-9A1E7A4F7556}") = "Mediator", "..\Mediator\Mediator.csproj", "{12D58F2E-5A17-4390-810F-11DAC17CBD9A}"
EndProject
Project("{FAE04EC0-301F-11D3-BF4B-00C04F79EFBC}") = "Memento", "..\Memento\Memento.csproj", "{B4722540-C42A-42CD-AD8B-135A6D2AA948}"
EndProject
Project("{FAE04EC0-301F-11D3-BF4B-00C04F79EFBC}") = "Observer", "..\Observer\Observer.csproj", "{1C84C423-E3BE-418E-A6C6-DA99C11C9196}"
EndProject
Global
	GlobalSection(SolutionConfigurationPlatforms) = preSolution
		Debug|Any CPU = Debug|Any CPU
		Release|Any CPU = Release|Any CPU
	EndGlobalSection
	GlobalSection(ProjectConfigurationPlatforms) = postSolution
		{3966D41F-23FC-4EE0-B398-AE65541A8D0E}.Debug|Any CPU.ActiveCfg = Debug|Any CPU
		{3966D41F-23FC-4EE0-B398-AE65541A8D0E}.Debug|Any CPU.Build.0 = Debug|Any CPU
		{3966D41F-23FC-4EE0-B398-AE65541A8D0E}.Release|Any CPU.ActiveCfg = Release|Any CPU
		{3966D41F-23FC-4EE0-B398-AE65541A8D0E}.Release|Any CPU.Build.0 = Release|Any CPU
		{EBB39044-BC4F-49EC-9B4D-2D916AF27B92}.Debug|Any CPU.ActiveCfg = Debug|Any CPU
		{EBB39044-BC4F-49EC-9B4D-2D916AF27B92}.Debug|Any CPU.Build.0 = Debug|Any CPU
		{EBB39044-BC4F-49EC-9B4D-2D916AF27B92}.Release|Any CPU.ActiveCfg = Release|Any CPU
		{EBB39044-BC4F-49EC-9B4D-2D916AF27B92}.Release|Any CPU.Build.0 = Release|Any CPU
		{A978C5F6-FCF0-4578-B13C-DBFD425F5A70}.Debug|Any CPU.ActiveCfg = Debug|Any CPU
		{A978C5F6-FCF0-4578-B13C-DBFD425F5A70}.Debug|Any CPU.Build.0 = Debug|Any CPU
		{A978C5F6-FCF0-4578-B13C-DBFD425F5A70}.Release|Any CPU.ActiveCfg = Release|Any CPU
		{A978C5F6-FCF0-4578-B13C-DBFD425F5A70}.Release|Any CPU.Build.0 = Release|Any CPU
		{4694E16C-CD54-4C51-9A88-330F9709708C}.Debug|Any CPU.ActiveCfg = Debug|Any CPU
		{4694E16C-CD54-4C51-9A88-330F9709708C}.Debug|Any CPU.Build.0 = Debug|Any CPU
		{4694E16C-CD54-4C51-9A88-330F9709708C}.Release|Any CPU.ActiveCfg = Release|Any CPU
		{4694E16C-CD54-4C51-9A88-330F9709708C}.Release|Any CPU.Build.0 = Release|Any CPU
		{78A0D81D-5DED-4568-BE95-5BA37D68EB41}.Debug|Any CPU.ActiveCfg = Debug|Any CPU
		{78A0D81D-5DED-4568-BE95-5BA37D68EB41}.Debug|Any CPU.Build.0 = Debug|Any CPU
		{78A0D81D-5DED-4568-BE95-5BA37D68EB41}.Release|Any CPU.ActiveCfg = Release|Any CPU
		{78A0D81D-5DED-4568-BE95-5BA37D68EB41}.Release|Any CPU.Build.0 = Release|Any CPU
		{8D2F3235-5784-4BD4-A2D5-8968DCBC478F}.Debug|Any CPU.ActiveCfg = Debug|Any CPU
		{8D2F3235-5784-4BD4-A2D5-8968DCBC478F}.Debug|Any CPU.Build.0 = Debug|Any CPU
		{8D2F3235-5784-4BD4-A2D5-8968DCBC478F}.Release|Any CPU.ActiveCfg = Release|Any CPU
		{8D2F3235-5784-4BD4-A2D5-8968DCBC478F}.Release|Any CPU.Build.0 = Release|Any CPU
		{AF63C281-35A2-41F9-9023-830D0AC03403}.Debug|Any CPU.ActiveCfg = Debug|Any CPU
		{AF63C281-35A2-41F9-9023-830D0AC03403}.Debug|Any CPU.Build.0 = Debug|Any CPU
		{AF63C281-35A2-41F9-9023-830D0AC03403}.Release|Any CPU.ActiveCfg = Release|Any CPU
		{AF63C281-35A2-41F9-9023-830D0AC03403}.Release|Any CPU.Build.0 = Release|Any CPU
		{7AEAA8A9-0DD7-414A-B7B0-F40CFEDB9FA5}.Debug|Any CPU.ActiveCfg = Debug|Any CPU
		{7AEAA8A9-0DD7-414A-B7B0-F40CFEDB9FA5}.Debug|Any CPU.Build.0 = Debug|Any CPU
		{7AEAA8A9-0DD7-414A-B7B0-F40CFEDB9FA5}.Release|Any CPU.ActiveCfg = Release|Any CPU
		{7AEAA8A9-0DD7-414A-B7B0-F40CFEDB9FA5}.Release|Any CPU.Build.0 = Release|Any CPU
		{8F140074-2E3B-4124-8109-192A16B26CD1}.Debug|Any CPU.ActiveCfg = Debug|Any CPU
		{8F140074-2E3B-4124-8109-192A16B26CD1}.Debug|Any CPU.Build.0 = Debug|Any CPU
		{8F140074-2E3B-4124-8109-192A16B26CD1}.Release|Any CPU.ActiveCfg = Release|Any CPU
		{8F140074-2E3B-4124-8109-192A16B26CD1}.Release|Any CPU.Build.0 = Release|Any CPU
		{A1CB3BA9-CB7B-4F11-9413-462230573D64}.Debug|Any CPU.ActiveCfg = Debug|Any CPU
		{A1CB3BA9-CB7B-4F11-9413-462230573D64}.Debug|Any CPU.Build.0 = Debug|Any CPU
		{A1CB3BA9-CB7B-4F11-9413-462230573D64}.Release|Any CPU.ActiveCfg = Release|Any CPU
		{A1CB3BA9-CB7B-4F11-9413-462230573D64}.Release|Any CPU.Build.0 = Release|Any CPU
		{5D86A119-48BB-47E2-9B7D-B2D617D298F8}.Debug|Any CPU.ActiveCfg = Debug|Any CPU
		{5D86A119-48BB-47E2-9B7D-B2D617D298F8}.Debug|Any CPU.Build.0 = Debug|Any CPU
		{5D86A119-48BB-47E2-9B7D-B2D617D298F8}.Release|Any CPU.ActiveCfg = Release|Any CPU
		{5D86A119-48BB-47E2-9B7D-B2D617D298F8}.Release|Any CPU.Build.0 = Release|Any CPU
		{4D5BC965-F14D-44FA-9D0A-6133B5E9E97A}.Debug|Any CPU.ActiveCfg = Debug|Any CPU
		{4D5BC965-F14D-44FA-9D0A-6133B5E9E97A}.Debug|Any CPU.Build.0 = Debug|Any CPU
		{4D5BC965-F14D-44FA-9D0A-6133B5E9E97A}.Release|Any CPU.ActiveCfg = Release|Any CPU
		{4D5BC965-F14D-44FA-9D0A-6133B5E9E97A}.Release|Any CPU.Build.0 = Release|Any CPU
		{7E6FEF24-3E4B-46C3-A8E6-263848493418}.Debug|Any CPU.ActiveCfg = Debug|Any CPU
		{7E6FEF24-3E4B-46C3-A8E6-263848493418}.Debug|Any CPU.Build.0 = Debug|Any CPU
		{7E6FEF24-3E4B-46C3-A8E6-263848493418}.Release|Any CPU.ActiveCfg = Release|Any CPU
		{7E6FEF24-3E4B-46C3-A8E6-263848493418}.Release|Any CPU.Build.0 = Release|Any CPU
		{183A0CAD-481D-483C-A50E-D6A9D4060475}.Debug|Any CPU.ActiveCfg = Debug|Any CPU
		{183A0CAD-481D-483C-A50E-D6A9D4060475}.Debug|Any CPU.Build.0 = Debug|Any CPU
		{183A0CAD-481D-483C-A50E-D6A9D4060475}.Release|Any CPU.ActiveCfg = Release|Any CPU
		{183A0CAD-481D-483C-A50E-D6A9D4060475}.Release|Any CPU.Build.0 = Release|Any CPU
		{2FCAF4E5-0AE9-4E23-BBDA-CC5BD2A6F632}.Debug|Any CPU.ActiveCfg = Debug|Any CPU
		{2FCAF4E5-0AE9-4E23-BBDA-CC5BD2A6F632}.Debug|Any CPU.Build.0 = Debug|Any CPU
		{2FCAF4E5-0AE9-4E23-BBDA-CC5BD2A6F632}.Release|Any CPU.ActiveCfg = Release|Any CPU
		{2FCAF4E5-0AE9-4E23-BBDA-CC5BD2A6F632}.Release|Any CPU.Build.0 = Release|Any CPU
		{8185FE1D-AD6D-4371-8649-E885DC2743FB}.Debug|Any CPU.ActiveCfg = Debug|Any CPU
		{8185FE1D-AD6D-4371-8649-E885DC2743FB}.Debug|Any CPU.Build.0 = Debug|Any CPU
		{8185FE1D-AD6D-4371-8649-E885DC2743FB}.Release|Any CPU.ActiveCfg = Release|Any CPU
		{8185FE1D-AD6D-4371-8649-E885DC2743FB}.Release|Any CPU.Build.0 = Release|Any CPU
		{12D58F2E-5A17-4390-810F-11DAC17CBD9A}.Debug|Any CPU.ActiveCfg = Debug|Any CPU
		{12D58F2E-5A17-4390-810F-11DAC17CBD9A}.Debug|Any CPU.Build.0 = Debug|Any CPU
		{12D58F2E-5A17-4390-810F-11DAC17CBD9A}.Release|Any CPU.ActiveCfg = Release|Any CPU
		{12D58F2E-5A17-4390-810F-11DAC17CBD9A}.Release|Any CPU.Build.0 = Release|Any CPU
		{B4722540-C42A-42CD-AD8B-135A6D2AA948}.Debug|Any CPU.ActiveCfg = Debug|Any CPU
		{B4722540-C42A-42CD-AD8B-135A6D2AA948}.Debug|Any CPU.Build.0 = Debug|Any CPU
		{B4722540-C42A-42CD-AD8B-135A6D2AA948}.Release|Any CPU.ActiveCfg = Release|Any CPU
		{B4722540-C42A-42CD-AD8B-135A6D2AA948}.Release|Any CPU.Build.0 = Release|Any CPU
		{1C84C423-E3BE-418E-A6C6-DA99C11C9196}.Debug|Any CPU.ActiveCfg = Debug|Any CPU
		{1C84C423-E3BE-418E-A6C6-DA99C11C9196}.Debug|Any CPU.Build.0 = Debug|Any CPU
		{1C84C423-E3BE-418E-A6C6-DA99C11C9196}.Release|Any CPU.ActiveCfg = Release|Any CPU
		{1C84C423-E3BE-418E-A6C6-DA99C11C9196}.Release|Any CPU.Build.0 = Release|Any CPU
	EndGlobalSection
	GlobalSection(SolutionProperties) = preSolution
		HideSolutionNode = FALSE
	EndGlobalSection
	GlobalSection(ExtensibilityGlobals) = postSolution
		SolutionGuid = {25FF6899-D0D1-4BBF-BF92-6CDD7239D3EB}
	EndGlobalSection
EndGlobal
