
Microsoft Visual Studio Solution File, Format Version 12.00
# Visual Studio Version 17
VisualStudioVersion = 17.0.32014.148
MinimumVisualStudioVersion = 10.0.40219.1
Project("{9A19103F-16F7-4668-BE54-9A1E7A4F7556}") = "AbstractFactory", "AbstractFactory.csproj", "{3966D41F-23FC-4EE0-B398-AE65541A8D0E}"
EndProject
Project("{9A19103F-16F7-4668-BE54-9A1E7A4F7556}") = "Builder", "..\Builder\Builder.csproj", "{EBB39044-BC4F-49EC-9B4D-2D916AF27B92}"
EndProject
Project("{9A19103F-16F7-4668-BE54-9A1E7A4F7556}") = "FactoryMethod", "..\FactoryMethod\FactoryMethod.csproj", "{A978C5F6-FCF0-4578-B13C-DBFD425F5A70}"
EndProject
Project("{9A19103F-16F7-4668-BE54-9A1E7A4F7556}") = "Prototype", "..\Prototype\Prototype.csproj", "{4694E16C-CD54-4C51-9A88-330F9709708C}"
EndProject
Project("{FAE04EC0-301F-11D3-BF4B-00C04F79EFBC}") = "Singleton", "..\Singleton\Singleton.csproj", "{78A0D81D-5DED-4568-BE95-5BA37D68EB41}"
EndProject
Global
	GlobalSection(SolutionConfigurationPlatforms) = preSolution
		Debug|Any CPU = Debug|Any CPU
		Release|Any CPU = Release|Any CPU
	EndGlobalSection
	GlobalSection(ProjectConfigurationPlatforms) = postSolution
		{3966D41F-23FC-4EE0-B398-AE65541A8D0E}.Debug|Any CPU.ActiveCfg = Debug|Any CPU
		{3966D41F-23FC-4EE0-B398-AE65541A8D0E}.Debug|Any CPU.Build.0 = Debug|Any CPU
		{3966D41F-23FC-4EE0-B398-AE65541A8D0E}.Release|Any CPU.ActiveCfg = Release|Any CPU
		{3966D41F-23FC-4EE0-B398-AE65541A8D0E}.Release|Any CPU.Build.0 = Release|Any CPU
		{EBB39044-BC4F-49EC-9B4D-2D916AF27B92}.Debug|Any CPU.ActiveCfg = Debug|Any CPU
		{EBB39044-BC4F-49EC-9B4D-2D916AF27B92}.Debug|Any CPU.Build.0 = Debug|Any CPU
		{EBB39044-BC4F-49EC-9B4D-2D916AF27B92}.Release|Any CPU.ActiveCfg = Release|Any CPU
		{EBB39044-BC4F-49EC-9B4D-2D916AF27B92}.Release|Any CPU.Build.0 = Release|Any CPU
		{A978C5F6-FCF0-4578-B13C-DBFD425F5A70}.Debug|Any CPU.ActiveCfg = Debug|Any CPU
		{A978C5F6-FCF0-4578-B13C-DBFD425F5A70}.Debug|Any CPU.Build.0 = Debug|Any CPU
		{A978C5F6-FCF0-4578-B13C-DBFD425F5A70}.Release|Any CPU.ActiveCfg = Release|Any CPU
		{A978C5F6-FCF0-4578-B13C-DBFD425F5A70}.Release|Any CPU.Build.0 = Release|Any CPU
		{4694E16C-CD54-4C51-9A88-330F9709708C}.Debug|Any CPU.ActiveCfg = Debug|Any CPU
		{4694E16C-CD54-4C51-9A88-330F9709708C}.Debug|Any CPU.Build.0 = Debug|Any CPU
		{4694E16C-CD54-4C51-9A88-330F9709708C}.Release|Any CPU.ActiveCfg = Release|Any CPU
		{4694E16C-CD54-4C51-9A88-330F9709708C}.Release|Any CPU.Build.0 = Release|Any CPU
		{78A0D81D-5DED-4568-BE95-5BA37D68EB41}.Debug|Any CPU.ActiveCfg = Debug|Any CPU
		{78A0D81D-5DED-4568-BE95-5BA37D68EB41}.Debug|Any CPU.Build.0 = Debug|Any CPU
		{78A0D81D-5DED-4568-BE95-5BA37D68EB41}.Release|Any CPU.ActiveCfg = Release|Any CPU
		{78A0D81D-5DED-4568-BE95-5BA37D68EB41}.Release|Any CPU.Build.0 = Release|Any CPU
	EndGlobalSection
	GlobalSection(SolutionProperties) = preSolution
		HideSolutionNode = FALSE
	EndGlobalSection
	GlobalSection(ExtensibilityGlobals) = postSolution
		SolutionGuid = {25FF6899-D0D1-4BBF-BF92-6CDD7239D3EB}
	EndGlobalSection
EndGlobal
